// !$*UTF8*$!
{
	archiveVersion = 1;
	classes = {
	};
	objectVersion = 56;
	objects = {

/* Begin PBXBuildFile section */
		FDE9C0A82A18E3FE005BE180 /* TodoListAppApp.swift in Sources */ = {isa = PBXBuildFile; fileRef = FDE9C0A72A18E3FE005BE180 /* TodoListAppApp.swift */; };
		FDE9C0AA2A18E3FE005BE180 /* TaskListView.swift in Sources */ = {isa = PBXBuildFile; fileRef = FDE9C0A92A18E3FE005BE180 /* TaskListView.swift */; };
		FDE9C0AC2A18E3FF005BE180 /* Assets.xcassets in Resources */ = {isa = PBXBuildFile; fileRef = FDE9C0AB2A18E3FF005BE180 /* Assets.xcassets */; };
		FDE9C0AF2A18E3FF005BE180 /* Preview Assets.xcassets in Resources */ = {isa = PBXBuildFile; fileRef = FDE9C0AE2A18E3FF005BE180 /* Preview Assets.xcassets */; };
		FDE9C0B12A18E3FF005BE180 /* Persistence.swift in Sources */ = {isa = PBXBuildFile; fileRef = FDE9C0B02A18E3FF005BE180 /* Persistence.swift */; };
		FDE9C0B42A18E3FF005BE180 /* TodoListApp.xcdatamodeld in Sources */ = {isa = PBXBuildFile; fileRef = FDE9C0B22A18E3FF005BE180 /* TodoListApp.xcdatamodeld */; };
		FDE9C0BC2A18E6EC005BE180 /* FloatingButton.swift in Sources */ = {isa = PBXBuildFile; fileRef = FDE9C0BB2A18E6EC005BE180 /* FloatingButton.swift */; };
		FDE9C0C02A18E787005BE180 /* TaskEditView.swift in Sources */ = {isa = PBXBuildFile; fileRef = FDE9C0BF2A18E787005BE180 /* TaskEditView.swift */; };
		FDE9C0C42A18FDBB005BE180 /* DateHolder.swift in Sources */ = {isa = PBXBuildFile; fileRef = FDE9C0C32A18FDBB005BE180 /* DateHolder.swift */; };
		FDE9C0C62A190D2F005BE180 /* TaskCell.swift in Sources */ = {isa = PBXBuildFile; fileRef = FDE9C0C52A190D2F005BE180 /* TaskCell.swift */; };
		FDE9C0C82A190E8A005BE180 /* CheckBoxView.swift in Sources */ = {isa = PBXBuildFile; fileRef = FDE9C0C72A190E8A005BE180 /* CheckBoxView.swift */; };
		FDE9C0CB2A190FBC005BE180 /* TaskItemExtension.swift in Sources */ = {isa = PBXBuildFile; fileRef = FDE9C0CA2A190FBC005BE180 /* TaskItemExtension.swift */; };
/* End PBXBuildFile section */

/* Begin PBXFileReference section */
		FDE9C0A42A18E3FE005BE180 /* TodoListApp.app */ = {isa = PBXFileReference; explicitFileType = wrapper.application; includeInIndex = 0; path = TodoListApp.app; sourceTree = BUILT_PRODUCTS_DIR; };
		FDE9C0A72A18E3FE005BE180 /* TodoListAppApp.swift */ = {isa = PBXFileReference; lastKnownFileType = sourcecode.swift; path = TodoListAppApp.swift; sourceTree = "<group>"; };
		FDE9C0A92A18E3FE005BE180 /* TaskListView.swift */ = {isa = PBXFileReference; lastKnownFileType = sourcecode.swift; path = TaskListView.swift; sourceTree = "<group>"; };
		FDE9C0AB2A18E3FF005BE180 /* Assets.xcassets */ = {isa = PBXFileReference; lastKnownFileType = folder.assetcatalog; path = Assets.xcassets; sourceTree = "<group>"; };
		FDE9C0AE2A18E3FF005BE180 /* Preview Assets.xcassets */ = {isa = PBXFileReference; lastKnownFileType = folder.assetcatalog; path = "Preview Assets.xcassets"; sourceTree = "<group>"; };
		FDE9C0B02A18E3FF005BE180 /* Persistence.swift */ = {isa = PBXFileReference; lastKnownFileType = sourcecode.swift; path = Persistence.swift; sourceTree = "<group>"; };
		FDE9C0B32A18E3FF005BE180 /* TodoListApp.xcdatamodel */ = {isa = PBXFileReference; lastKnownFileType = wrapper.xcdatamodel; path = TodoListApp.xcdatamodel; sourceTree = "<group>"; };
		FDE9C0B52A18E3FF005BE180 /* Info.plist */ = {isa = PBXFileReference; lastKnownFileType = text.plist.xml; path = Info.plist; sourceTree = "<group>"; };
		FDE9C0BB2A18E6EC005BE180 /* FloatingButton.swift */ = {isa = PBXFileReference; lastKnownFileType = sourcecode.swift; path = FloatingButton.swift; sourceTree = "<group>"; };
		FDE9C0BF2A18E787005BE180 /* TaskEditView.swift */ = {isa = PBXFileReference; lastKnownFileType = sourcecode.swift; path = TaskEditView.swift; sourceTree = "<group>"; };
		FDE9C0C32A18FDBB005BE180 /* DateHolder.swift */ = {isa = PBXFileReference; lastKnownFileType = sourcecode.swift; path = DateHolder.swift; sourceTree = "<group>"; };
		FDE9C0C52A190D2F005BE180 /* TaskCell.swift */ = {isa = PBXFileReference; lastKnownFileType = sourcecode.swift; path = TaskCell.swift; sourceTree = "<group>"; };
		FDE9C0C72A190E8A005BE180 /* CheckBoxView.swift */ = {isa = PBXFileReference; lastKnownFileType = sourcecode.swift; path = CheckBoxView.swift; sourceTree = "<group>"; };
		FDE9C0CA2A190FBC005BE180 /* TaskItemExtension.swift */ = {isa = PBXFileReference; lastKnownFileType = sourcecode.swift; path = TaskItemExtension.swift; sourceTree = "<group>"; };
/* End PBXFileReference section */

/* Begin PBXFrameworksBuildPhase section */
		FDE9C0A12A18E3FE005BE180 /* Frameworks */ = {
			isa = PBXFrameworksBuildPhase;
			buildActionMask = 2147483647;
			files = (
			);
			runOnlyForDeploymentPostprocessing = 0;
		};
/* End PBXFrameworksBuildPhase section */

/* Begin PBXGroup section */
		FDE9C09B2A18E3FD005BE180 = {
			isa = PBXGroup;
			children = (
				FDE9C0A62A18E3FE005BE180 /* TodoListApp */,
				FDE9C0A52A18E3FE005BE180 /* Products */,
			);
			sourceTree = "<group>";
		};
		FDE9C0A52A18E3FE005BE180 /* Products */ = {
			isa = PBXGroup;
			children = (
				FDE9C0A42A18E3FE005BE180 /* TodoListApp.app */,
			);
			name = Products;
			sourceTree = "<group>";
		};
		FDE9C0A62A18E3FE005BE180 /* TodoListApp */ = {
			isa = PBXGroup;
			children = (
				FDE9C0A72A18E3FE005BE180 /* TodoListAppApp.swift */,
				FDE9C0BE2A18E779005BE180 /* Views */,
				FDE9C0C92A190F8F005BE180 /* Model */,
				FDE9C0AB2A18E3FF005BE180 /* Assets.xcassets */,
				FDE9C0B52A18E3FF005BE180 /* Info.plist */,
				FDE9C0B22A18E3FF005BE180 /* TodoListApp.xcdatamodeld */,
				FDE9C0AD2A18E3FF005BE180 /* Preview Content */,
				FDE9C0C32A18FDBB005BE180 /* DateHolder.swift */,
			);
			path = TodoListApp;
			sourceTree = "<group>";
		};
		FDE9C0AD2A18E3FF005BE180 /* Preview Content */ = {
			isa = PBXGroup;
			children = (
				FDE9C0AE2A18E3FF005BE180 /* Preview Assets.xcassets */,
			);
			path = "Preview Content";
			sourceTree = "<group>";
		};
		FDE9C0BE2A18E779005BE180 /* Views */ = {
			isa = PBXGroup;
			children = (
				FDE9C0BB2A18E6EC005BE180 /* FloatingButton.swift */,
				FDE9C0A92A18E3FE005BE180 /* TaskListView.swift */,
				FDE9C0BF2A18E787005BE180 /* TaskEditView.swift */,
				FDE9C0C52A190D2F005BE180 /* TaskCell.swift */,
				FDE9C0C72A190E8A005BE180 /* CheckBoxView.swift */,
			);
			path = Views;
			sourceTree = "<group>";
		};
		FDE9C0C92A190F8F005BE180 /* Model */ = {
			isa = PBXGroup;
			children = (
				FDE9C0B02A18E3FF005BE180 /* Persistence.swift */,
				FDE9C0CA2A190FBC005BE180 /* TaskItemExtension.swift */,
			);
			path = Model;
			sourceTree = "<group>";
		};
/* End PBXGroup section */

/* Begin PBXNativeTarget section */
		FDE9C0A32A18E3FE005BE180 /* TodoListApp */ = {
			isa = PBXNativeTarget;
			buildConfigurationList = FDE9C0B82A18E400005BE180 /* Build configuration list for PBXNativeTarget "TodoListApp" */;
			buildPhases = (
				FDE9C0A02A18E3FE005BE180 /* Sources */,
				FDE9C0A12A18E3FE005BE180 /* Frameworks */,
				FDE9C0A22A18E3FE005BE180 /* Resources */,
			);
			buildRules = (
			);
			dependencies = (
			);
			name = TodoListApp;
			productName = TodoListApp;
			productReference = FDE9C0A42A18E3FE005BE180 /* TodoListApp.app */;
			productType = "com.apple.product-type.application";
		};
/* End PBXNativeTarget section */

/* Begin PBXProject section */
		FDE9C09C2A18E3FD005BE180 /* Project object */ = {
			isa = PBXProject;
			attributes = {
				BuildIndependentTargetsInParallel = 1;
				LastSwiftUpdateCheck = 1420;
				LastUpgradeCheck = 1420;
				TargetAttributes = {
					FDE9C0A32A18E3FE005BE180 = {
						CreatedOnToolsVersion = 14.2;
					};
				};
			};
			buildConfigurationList = FDE9C09F2A18E3FD005BE180 /* Build configuration list for PBXProject "TodoListApp" */;
			compatibilityVersion = "Xcode 14.0";
			developmentRegion = en;
			hasScannedForEncodings = 0;
			knownRegions = (
				en,
				Base,
			);
			mainGroup = FDE9C09B2A18E3FD005BE180;
			productRefGroup = FDE9C0A52A18E3FE005BE180 /* Products */;
			projectDirPath = "";
			projectRoot = "";
			targets = (
				FDE9C0A32A18E3FE005BE180 /* TodoListApp */,
			);
		};
/* End PBXProject section */

/* Begin PBXResourcesBuildPhase section */
		FDE9C0A22A18E3FE005BE180 /* Resources */ = {
			isa = PBXResourcesBuildPhase;
			buildActionMask = 2147483647;
			files = (
				FDE9C0AF2A18E3FF005BE180 /* Preview Assets.xcassets in Resources */,
				FDE9C0AC2A18E3FF005BE180 /* Assets.xcassets in Resources */,
			);
			runOnlyForDeploymentPostprocessing = 0;
		};
/* End PBXResourcesBuildPhase section */

/* Begin PBXSourcesBuildPhase section */
		FDE9C0A02A18E3FE005BE180 /* Sources */ = {
			isa = PBXSourcesBuildPhase;
			buildActionMask = 2147483647;
			files = (
				FDE9C0C42A18FDBB005BE180 /* DateHolder.swift in Sources */,
				FDE9C0CB2A190FBC005BE180 /* TaskItemExtension.swift in Sources */,
				FDE9C0B12A18E3FF005BE180 /* Persistence.swift in Sources */,
				FDE9C0AA2A18E3FE005BE180 /* TaskListView.swift in Sources */,
				FDE9C0BC2A18E6EC005BE180 /* FloatingButton.swift in Sources */,
				FDE9C0C82A190E8A005BE180 /* CheckBoxView.swift in Sources */,
				FDE9C0C62A190D2F005BE180 /* TaskCell.swift in Sources */,
				FDE9C0C02A18E787005BE180 /* TaskEditView.swift in Sources */,
				FDE9C0A82A18E3FE005BE180 /* TodoListAppApp.swift in Sources */,
				FDE9C0B42A18E3FF005BE180 /* TodoListApp.xcdatamodeld in Sources */,
			);
			runOnlyForDeploymentPostprocessing = 0;
		};
/* End PBXSourcesBuildPhase section */

/* Begin XCBuildConfiguration section */
		FDE9C0B62A18E3FF005BE180 /* Debug */ = {
			isa = XCBuildConfiguration;
			buildSettings = {
				ALWAYS_SEARCH_USER_PATHS = NO;
				CLANG_ANALYZER_NONNULL = YES;
				CLANG_ANALYZER_NUMBER_OBJECT_CONVERSION = YES_AGGRESSIVE;
				CLANG_CXX_LANGUAGE_STANDARD = "gnu++20";
				CLANG_ENABLE_MODULES = YES;
				CLANG_ENABLE_OBJC_ARC = YES;
				CLANG_ENABLE_OBJC_WEAK = YES;
				CLANG_WARN_BLOCK_CAPTURE_AUTORELEASING = YES;
				CLANG_WARN_BOOL_CONVERSION = YES;
				CLANG_WARN_COMMA = YES;
				CLANG_WARN_CONSTANT_CONVERSION = YES;
				CLANG_WARN_DEPRECATED_OBJC_IMPLEMENTATIONS = YES;
				CLANG_WARN_DIRECT_OBJC_ISA_USAGE = YES_ERROR;
				CLANG_WARN_DOCUMENTATION_COMMENTS = YES;
				CLANG_WARN_EMPTY_BODY = YES;
				CLANG_WARN_ENUM_CONVERSION = YES;
				CLANG_WARN_INFINITE_RECURSION = YES;
				CLANG_WARN_INT_CONVERSION = YES;
				CLANG_WARN_NON_LITERAL_NULL_CONVERSION = YES;
				CLANG_WARN_OBJC_IMPLICIT_RETAIN_SELF = YES;
				CLANG_WARN_OBJC_LITERAL_CONVERSION = YES;
				CLANG_WARN_OBJC_ROOT_CLASS = YES_ERROR;
				CLANG_WARN_QUOTED_INCLUDE_IN_FRAMEWORK_HEADER = YES;
				CLANG_WARN_RANGE_LOOP_ANALYSIS = YES;
				CLANG_WARN_STRICT_PROTOTYPES = YES;
				CLANG_WARN_SUSPICIOUS_MOVE = YES;
				CLANG_WARN_UNGUARDED_AVAILABILITY = YES_AGGRESSIVE;
				CLANG_WARN_UNREACHABLE_CODE = YES;
				CLANG_WARN__DUPLICATE_METHOD_MATCH = YES;
				COPY_PHASE_STRIP = NO;
				DEBUG_INFORMATION_FORMAT = dwarf;
				ENABLE_STRICT_OBJC_MSGSEND = YES;
				ENABLE_TESTABILITY = YES;
				GCC_C_LANGUAGE_STANDARD = gnu11;
				GCC_DYNAMIC_NO_PIC = NO;
				GCC_NO_COMMON_BLOCKS = YES;
				GCC_OPTIMIZATION_LEVEL = 0;
				GCC_PREPROCESSOR_DEFINITIONS = (
					"DEBUG=1",
					"$(inherited)",
				);
				GCC_WARN_64_TO_32_BIT_CONVERSION = YES;
				GCC_WARN_ABOUT_RETURN_TYPE = YES_ERROR;
				GCC_WARN_UNDECLARED_SELECTOR = YES;
				GCC_WARN_UNINITIALIZED_AUTOS = YES_AGGRESSIVE;
				GCC_WARN_UNUSED_FUNCTION = YES;
				GCC_WARN_UNUSED_VARIABLE = YES;
				IPHONEOS_DEPLOYMENT_TARGET = 16.2;
				MTL_ENABLE_DEBUG_INFO = INCLUDE_SOURCE;
				MTL_FAST_MATH = YES;
				ONLY_ACTIVE_ARCH = YES;
				SDKROOT = iphoneos;
				SWIFT_ACTIVE_COMPILATION_CONDITIONS = DEBUG;
				SWIFT_OPTIMIZATION_LEVEL = "-Onone";
			};
			name = Debug;
		};
		FDE9C0B72A18E3FF005BE180 /* Release */ = {
			isa = XCBuildConfiguration;
			buildSettings = {
				ALWAYS_SEARCH_USER_PATHS = NO;
				CLANG_ANALYZER_NONNULL = YES;
				CLANG_ANALYZER_NUMBER_OBJECT_CONVERSION = YES_AGGRESSIVE;
				CLANG_CXX_LANGUAGE_STANDARD = "gnu++20";
				CLANG_ENABLE_MODULES = YES;
				CLANG_ENABLE_OBJC_ARC = YES;
				CLANG_ENABLE_OBJC_WEAK = YES;
				CLANG_WARN_BLOCK_CAPTURE_AUTORELEASING = YES;
				CLANG_WARN_BOOL_CONVERSION = YES;
				CLANG_WARN_COMMA = YES;
				CLANG_WARN_CONSTANT_CONVERSION = YES;
				CLANG_WARN_DEPRECATED_OBJC_IMPLEMENTATIONS = YES;
				CLANG_WARN_DIRECT_OBJC_ISA_USAGE = YES_ERROR;
				CLANG_WARN_DOCUMENTATION_COMMENTS = YES;
				CLANG_WARN_EMPTY_BODY = YES;
				CLANG_WARN_ENUM_CONVERSION = YES;
				CLANG_WARN_INFINITE_RECURSION = YES;
				CLANG_WARN_INT_CONVERSION = YES;
				CLANG_WARN_NON_LITERAL_NULL_CONVERSION = YES;
				CLANG_WARN_OBJC_IMPLICIT_RETAIN_SELF = YES;
				CLANG_WARN_OBJC_LITERAL_CONVERSION = YES;
				CLANG_WARN_OBJC_ROOT_CLASS = YES_ERROR;
				CLANG_WARN_QUOTED_INCLUDE_IN_FRAMEWORK_HEADER = YES;
				CLANG_WARN_RANGE_LOOP_ANALYSIS = YES;
				CLANG_WARN_STRICT_PROTOTYPES = YES;
				CLANG_WARN_SUSPICIOUS_MOVE = YES;
				CLANG_WARN_UNGUARDED_AVAILABILITY = YES_AGGRESSIVE;
				CLANG_WARN_UNREACHABLE_CODE = YES;
				CLANG_WARN__DUPLICATE_METHOD_MATCH = YES;
				COPY_PHASE_STRIP = NO;
				DEBUG_INFORMATION_FORMAT = "dwarf-with-dsym";
				ENABLE_NS_ASSERTIONS = NO;
				ENABLE_STRICT_OBJC_MSGSEND = YES;
				GCC_C_LANGUAGE_STANDARD = gnu11;
				GCC_NO_COMMON_BLOCKS = YES;
				GCC_WARN_64_TO_32_BIT_CONVERSION = YES;
				GCC_WARN_ABOUT_RETURN_TYPE = YES_ERROR;
				GCC_WARN_UNDECLARED_SELECTOR = YES;
				GCC_WARN_UNINITIALIZED_AUTOS = YES_AGGRESSIVE;
				GCC_WARN_UNUSED_FUNCTION = YES;
				GCC_WARN_UNUSED_VARIABLE = YES;
				IPHONEOS_DEPLOYMENT_TARGET = 16.2;
				MTL_ENABLE_DEBUG_INFO = NO;
				MTL_FAST_MATH = YES;
				SDKROOT = iphoneos;
				SWIFT_COMPILATION_MODE = wholemodule;
				SWIFT_OPTIMIZATION_LEVEL = "-O";
				VALIDATE_PRODUCT = YES;
			};
			name = Release;
		};
		FDE9C0B92A18E400005BE180 /* Debug */ = {
			isa = XCBuildConfiguration;
			buildSettings = {
				ASSETCATALOG_COMPILER_APPICON_NAME = AppIcon;
				ASSETCATALOG_COMPILER_GLOBAL_ACCENT_COLOR_NAME = AccentColor;
				CODE_SIGN_STYLE = Automatic;
				CURRENT_PROJECT_VERSION = 1;
				DEVELOPMENT_ASSET_PATHS = "\"TodoListApp/Preview Content\"";
				ENABLE_PREVIEWS = YES;
				GENERATE_INFOPLIST_FILE = YES;
				INFOPLIST_KEY_UIApplicationSceneManifest_Generation = YES;
				INFOPLIST_KEY_UIApplicationSupportsIndirectInputEvents = YES;
				INFOPLIST_KEY_UILaunchScreen_Generation = YES;
				INFOPLIST_KEY_UISupportedInterfaceOrientations_iPad = "UIInterfaceOrientationPortrait UIInterfaceOrientationPortraitUpsideDown UIInterfaceOrientationLandscapeLeft UIInterfaceOrientationLandscapeRight";
				INFOPLIST_KEY_UISupportedInterfaceOrientations_iPhone = "UIInterfaceOrientationPortrait UIInterfaceOrientationLandscapeLeft UIInterfaceOrientationLandscapeRight";
				LD_RUNPATH_SEARCH_PATHS = (
					"$(inherited)",
					"@executable_path/Frameworks",
				);
				MARKETING_VERSION = 1.0;
				PRODUCT_BUNDLE_IDENTIFIER = wsb.TodoListApp;
				PRODUCT_NAME = "$(TARGET_NAME)";
				SWIFT_EMIT_LOC_STRINGS = YES;
				SWIFT_VERSION = 5.0;
				TARGETED_DEVICE_FAMILY = "1,2";
			};
			name = Debug;
		};
		FDE9C0BA2A18E400005BE180 /* Release */ = {
			isa = XCBuildConfiguration;
			buildSettings = {
				ASSETCATALOG_COMPILER_APPICON_NAME = AppIcon;
				ASSETCATALOG_COMPILER_GLOBAL_ACCENT_COLOR_NAME = AccentColor;
				CODE_SIGN_STYLE = Automatic;
				CURRENT_PROJECT_VERSION = 1;
				DEVELOPMENT_ASSET_PATHS = "\"TodoListApp/Preview Content\"";
				ENABLE_PREVIEWS = YES;
				GENERATE_INFOPLIST_FILE = YES;
				INFOPLIST_KEY_UIApplicationSceneManifest_Generation = YES;
				INFOPLIST_KEY_UIApplicationSupportsIndirectInputEvents = YES;
				INFOPLIST_KEY_UILaunchScreen_Generation = YES;
				INFOPLIST_KEY_UISupportedInterfaceOrientations_iPad = "UIInterfaceOrientationPortrait UIInterfaceOrientationPortraitUpsideDown UIInterfaceOrientationLandscapeLeft UIInterfaceOrientationLandscapeRight";
				INFOPLIST_KEY_UISupportedInterfaceOrientations_iPhone = "UIInterfaceOrientationPortrait UIInterfaceOrientationLandscapeLeft UIInterfaceOrientationLandscapeRight";
				LD_RUNPATH_SEARCH_PATHS = (
					"$(inherited)",
					"@executable_path/Frameworks",
				);
				MARKETING_VERSION = 1.0;
				PRODUCT_BUNDLE_IDENTIFIER = wsb.TodoListApp;
				PRODUCT_NAME = "$(TARGET_NAME)";
				SWIFT_EMIT_LOC_STRINGS = YES;
				SWIFT_VERSION = 5.0;
				TARGETED_DEVICE_FAMILY = "1,2";
			};
			name = Release;
		};
/* End XCBuildConfiguration section */

/* Begin XCConfigurationList section */
		FDE9C09F2A18E3FD005BE180 /* Build configuration list for PBXProject "TodoListApp" */ = {
			isa = XCConfigurationList;
			buildConfigurations = (
				FDE9C0B62A18E3FF005BE180 /* Debug */,
				FDE9C0B72A18E3FF005BE180 /* Release */,
			);
			defaultConfigurationIsVisible = 0;
			defaultConfigurationName = Release;
		};
		FDE9C0B82A18E400005BE180 /* Build configuration list for PBXNativeTarget "TodoListApp" */ = {
			isa = XCConfigurationList;
			buildConfigurations = (
				FDE9C0B92A18E400005BE180 /* Debug */,
				FDE9C0BA2A18E400005BE180 /* Release */,
			);
			defaultConfigurationIsVisible = 0;
			defaultConfigurationName = Release;
		};
/* End XCConfigurationList section */

/* Begin XCVersionGroup section */
		FDE9C0B22A18E3FF005BE180 /* TodoListApp.xcdatamodeld */ = {
			isa = XCVersionGroup;
			children = (
				FDE9C0B32A18E3FF005BE180 /* TodoListApp.xcdatamodel */,
			);
			currentVersion = FDE9C0B32A18E3FF005BE180 /* TodoListApp.xcdatamodel */;
			path = TodoListApp.xcdatamodeld;
			sourceTree = "<group>";
			versionGroupType = wrapper.xcdatamodel;
		};
/* End XCVersionGroup section */
	};
	rootObject = FDE9C09C2A18E3FD005BE180 /* Project object */;
}
